
Microsoft Visual Studio Solution File, Format Version 12.00
# Visual Studio 15
VisualStudioVersion = 15.0.27703.2042
MinimumVisualStudioVersion = 10.0.40219.1
Project("{FAE04EC0-301F-11D3-BF4B-00C04F79EFBC}") = "CTU Care Treatment", "CTU Care Treatment\CTU Care Treatment.csproj", "{D068D8F8-2318-45B4-B9B5-514B92AED980}"
EndProject
Global
	GlobalSection(SolutionConfigurationPlatforms) = preSolution
		Debug|Any CPU = Debug|Any CPU
		Release|Any CPU = Release|Any CPU
	EndGlobalSection
	GlobalSection(ProjectConfigurationPlatforms) = postSolution
		{D068D8F8-2318-45B4-B9B5-514B92AED980}.Debug|Any CPU.ActiveCfg = Debug|Any CPU
		{D068D8F8-2318-45B4-B9B5-514B92AED980}.Debug|Any CPU.Build.0 = Debug|Any CPU
		{D068D8F8-2318-45B4-B9B5-514B92AED980}.Release|Any CPU.ActiveCfg = Release|Any CPU
		{D068D8F8-2318-45B4-B9B5-514B92AED980}.Release|Any CPU.Build.0 = Release|Any CPU
	EndGlobalSection
	GlobalSection(SolutionProperties) = preSolution
		HideSolutionNode = FALSE
	EndGlobalSection
	GlobalSection(ExtensibilityGlobals) = postSolution
		SolutionGuid = {8B309EBA-1C1E-4488-A599-5C4AF0F6855B}
	EndGlobalSection
EndGlobal
